// !$*UTF8*$!
{
	archiveVersion = 1;
	classes = {
	};
	objectVersion = 46;
	objects = {

/* Begin PBXBuildFile section */
		869493221C20A759005CFAB2 /* AppDelegate.swift in Sources */ = {isa = PBXBuildFile; fileRef = 869493211C20A759005CFAB2 /* AppDelegate.swift */; };
		869493271C20A759005CFAB2 /* Main.storyboard in Resources */ = {isa = PBXBuildFile; fileRef = 869493251C20A759005CFAB2 /* Main.storyboard */; };
		869493291C20A759005CFAB2 /* Assets.xcassets in Resources */ = {isa = PBXBuildFile; fileRef = 869493281C20A759005CFAB2 /* Assets.xcassets */; };
		8694932C1C20A759005CFAB2 /* LaunchScreen.storyboard in Resources */ = {isa = PBXBuildFile; fileRef = 8694932A1C20A759005CFAB2 /* LaunchScreen.storyboard */; };
		869493371C20A759005CFAB2 /* TwitterSearcherTests.swift in Sources */ = {isa = PBXBuildFile; fileRef = 869493361C20A759005CFAB2 /* TwitterSearcherTests.swift */; };
		869493421C20A759005CFAB2 /* TwitterSearcherUITests.swift in Sources */ = {isa = PBXBuildFile; fileRef = 869493411C20A759005CFAB2 /* TwitterSearcherUITests.swift */; };
		869493501C20A813005CFAB2 /* TweetTableViewController.swift in Sources */ = {isa = PBXBuildFile; fileRef = 8694934F1C20A813005CFAB2 /* TweetTableViewController.swift */; };
		8694935F1C20B1E5005CFAB2 /* MediaItem.swift in Sources */ = {isa = PBXBuildFile; fileRef = 8694935B1C20B1E5005CFAB2 /* MediaItem.swift */; };
		869493601C20B1E5005CFAB2 /* Tweet.swift in Sources */ = {isa = PBXBuildFile; fileRef = 8694935C1C20B1E5005CFAB2 /* Tweet.swift */; };
		869493611C20B1E5005CFAB2 /* TwitterRequest.swift in Sources */ = {isa = PBXBuildFile; fileRef = 8694935D1C20B1E5005CFAB2 /* TwitterRequest.swift */; };
		869493621C20B1E5005CFAB2 /* User.swift in Sources */ = {isa = PBXBuildFile; fileRef = 8694935E1C20B1E5005CFAB2 /* User.swift */; };
		869493641C20BBBC005CFAB2 /* TweetTableViewCell.swift in Sources */ = {isa = PBXBuildFile; fileRef = 869493631C20BBBC005CFAB2 /* TweetTableViewCell.swift */; };
/* End PBXBuildFile section */

/* Begin PBXContainerItemProxy section */
		869493331C20A759005CFAB2 /* PBXContainerItemProxy */ = {
			isa = PBXContainerItemProxy;
			containerPortal = 869493161C20A759005CFAB2 /* Project object */;
			proxyType = 1;
			remoteGlobalIDString = 8694931D1C20A759005CFAB2;
			remoteInfo = TwitterSearcher;
		};
		8694933E1C20A759005CFAB2 /* PBXContainerItemProxy */ = {
			isa = PBXContainerItemProxy;
			containerPortal = 869493161C20A759005CFAB2 /* Project object */;
			proxyType = 1;
			remoteGlobalIDString = 8694931D1C20A759005CFAB2;
			remoteInfo = TwitterSearcher;
		};
/* End PBXContainerItemProxy section */

/* Begin PBXFileReference section */
		8694931E1C20A759005CFAB2 /* TwitterSearcher.app */ = {isa = PBXFileReference; explicitFileType = wrapper.application; includeInIndex = 0; path = TwitterSearcher.app; sourceTree = BUILT_PRODUCTS_DIR; };
		869493211C20A759005CFAB2 /* AppDelegate.swift */ = {isa = PBXFileReference; lastKnownFileType = sourcecode.swift; path = AppDelegate.swift; sourceTree = "<group>"; };
		869493261C20A759005CFAB2 /* Base */ = {isa = PBXFileReference; lastKnownFileType = file.storyboard; name = Base; path = Base.lproj/Main.storyboard; sourceTree = "<group>"; };
		869493281C20A759005CFAB2 /* Assets.xcassets */ = {isa = PBXFileReference; lastKnownFileType = folder.assetcatalog; path = Assets.xcassets; sourceTree = "<group>"; };
		8694932B1C20A759005CFAB2 /* Base */ = {isa = PBXFileReference; lastKnownFileType = file.storyboard; name = Base; path = Base.lproj/LaunchScreen.storyboard; sourceTree = "<group>"; };
		8694932D1C20A759005CFAB2 /* Info.plist */ = {isa = PBXFileReference; lastKnownFileType = text.plist.xml; path = Info.plist; sourceTree = "<group>"; };
		869493321C20A759005CFAB2 /* TwitterSearcherTests.xctest */ = {isa = PBXFileReference; explicitFileType = wrapper.cfbundle; includeInIndex = 0; path = TwitterSearcherTests.xctest; sourceTree = BUILT_PRODUCTS_DIR; };
		869493361C20A759005CFAB2 /* TwitterSearcherTests.swift */ = {isa = PBXFileReference; lastKnownFileType = sourcecode.swift; path = TwitterSearcherTests.swift; sourceTree = "<group>"; };
		869493381C20A759005CFAB2 /* Info.plist */ = {isa = PBXFileReference; lastKnownFileType = text.plist.xml; path = Info.plist; sourceTree = "<group>"; };
		8694933D1C20A759005CFAB2 /* TwitterSearcherUITests.xctest */ = {isa = PBXFileReference; explicitFileType = wrapper.cfbundle; includeInIndex = 0; path = TwitterSearcherUITests.xctest; sourceTree = BUILT_PRODUCTS_DIR; };
		869493411C20A759005CFAB2 /* TwitterSearcherUITests.swift */ = {isa = PBXFileReference; lastKnownFileType = sourcecode.swift; path = TwitterSearcherUITests.swift; sourceTree = "<group>"; };
		869493431C20A75A005CFAB2 /* Info.plist */ = {isa = PBXFileReference; lastKnownFileType = text.plist.xml; path = Info.plist; sourceTree = "<group>"; };
		8694934F1C20A813005CFAB2 /* TweetTableViewController.swift */ = {isa = PBXFileReference; fileEncoding = 4; lastKnownFileType = sourcecode.swift; name = TweetTableViewController.swift; path = ../TweetTableViewController.swift; sourceTree = "<group>"; };
		8694935B1C20B1E5005CFAB2 /* MediaItem.swift */ = {isa = PBXFileReference; fileEncoding = 4; lastKnownFileType = sourcecode.swift; path = MediaItem.swift; sourceTree = "<group>"; };
		8694935C1C20B1E5005CFAB2 /* Tweet.swift */ = {isa = PBXFileReference; fileEncoding = 4; lastKnownFileType = sourcecode.swift; path = Tweet.swift; sourceTree = "<group>"; };
		8694935D1C20B1E5005CFAB2 /* TwitterRequest.swift */ = {isa = PBXFileReference; fileEncoding = 4; lastKnownFileType = sourcecode.swift; path = TwitterRequest.swift; sourceTree = "<group>"; };
		8694935E1C20B1E5005CFAB2 /* User.swift */ = {isa = PBXFileReference; fileEncoding = 4; lastKnownFileType = sourcecode.swift; path = User.swift; sourceTree = "<group>"; };
		869493631C20BBBC005CFAB2 /* TweetTableViewCell.swift */ = {isa = PBXFileReference; fileEncoding = 4; lastKnownFileType = sourcecode.swift; path = TweetTableViewCell.swift; sourceTree = "<group>"; };
/* End PBXFileReference section */

/* Begin PBXFrameworksBuildPhase section */
		8694931B1C20A759005CFAB2 /* Frameworks */ = {
			isa = PBXFrameworksBuildPhase;
			buildActionMask = 2147483647;
			files = (
			);
			runOnlyForDeploymentPostprocessing = 0;
		};
		8694932F1C20A759005CFAB2 /* Frameworks */ = {
			isa = PBXFrameworksBuildPhase;
			buildActionMask = 2147483647;
			files = (
			);
			runOnlyForDeploymentPostprocessing = 0;
		};
		8694933A1C20A759005CFAB2 /* Frameworks */ = {
			isa = PBXFrameworksBuildPhase;
			buildActionMask = 2147483647;
			files = (
			);
			runOnlyForDeploymentPostprocessing = 0;
		};
/* End PBXFrameworksBuildPhase section */

/* Begin PBXGroup section */
		869493151C20A759005CFAB2 = {
			isa = PBXGroup;
			children = (
				869493201C20A759005CFAB2 /* TwitterSearcher */,
				869493351C20A759005CFAB2 /* TwitterSearcherTests */,
				869493401C20A759005CFAB2 /* TwitterSearcherUITests */,
				8694931F1C20A759005CFAB2 /* Products */,
			);
			sourceTree = "<group>";
		};
		8694931F1C20A759005CFAB2 /* Products */ = {
			isa = PBXGroup;
			children = (
				8694931E1C20A759005CFAB2 /* TwitterSearcher.app */,
				869493321C20A759005CFAB2 /* TwitterSearcherTests.xctest */,
				8694933D1C20A759005CFAB2 /* TwitterSearcherUITests.xctest */,
			);
			name = Products;
			sourceTree = "<group>";
		};
		869493201C20A759005CFAB2 /* TwitterSearcher */ = {
			isa = PBXGroup;
			children = (
				8694934F1C20A813005CFAB2 /* TweetTableViewController.swift */,
				869493631C20BBBC005CFAB2 /* TweetTableViewCell.swift */,
				869493211C20A759005CFAB2 /* AppDelegate.swift */,
				869493251C20A759005CFAB2 /* Main.storyboard */,
				869493281C20A759005CFAB2 /* Assets.xcassets */,
				8694932A1C20A759005CFAB2 /* LaunchScreen.storyboard */,
				8694932D1C20A759005CFAB2 /* Info.plist */,
				8694935A1C20B1E5005CFAB2 /* Twitter Swift 1.2 */,
			);
			path = TwitterSearcher;
			sourceTree = "<group>";
		};
		869493351C20A759005CFAB2 /* TwitterSearcherTests */ = {
			isa = PBXGroup;
			children = (
				869493361C20A759005CFAB2 /* TwitterSearcherTests.swift */,
				869493381C20A759005CFAB2 /* Info.plist */,
			);
			path = TwitterSearcherTests;
			sourceTree = "<group>";
		};
		869493401C20A759005CFAB2 /* TwitterSearcherUITests */ = {
			isa = PBXGroup;
			children = (
				869493411C20A759005CFAB2 /* TwitterSearcherUITests.swift */,
				869493431C20A75A005CFAB2 /* Info.plist */,
			);
			path = TwitterSearcherUITests;
			sourceTree = "<group>";
		};
		8694935A1C20B1E5005CFAB2 /* Twitter Swift 1.2 */ = {
			isa = PBXGroup;
			children = (
				8694935B1C20B1E5005CFAB2 /* MediaItem.swift */,
				8694935C1C20B1E5005CFAB2 /* Tweet.swift */,
				8694935D1C20B1E5005CFAB2 /* TwitterRequest.swift */,
				8694935E1C20B1E5005CFAB2 /* User.swift */,
			);
			path = "Twitter Swift 1.2";
			sourceTree = "<group>";
		};
/* End PBXGroup section */

/* Begin PBXNativeTarget section */
		8694931D1C20A759005CFAB2 /* TwitterSearcher */ = {
			isa = PBXNativeTarget;
			buildConfigurationList = 869493461C20A75A005CFAB2 /* Build configuration list for PBXNativeTarget "TwitterSearcher" */;
			buildPhases = (
				8694931A1C20A759005CFAB2 /* Sources */,
				8694931B1C20A759005CFAB2 /* Frameworks */,
				8694931C1C20A759005CFAB2 /* Resources */,
			);
			buildRules = (
			);
			dependencies = (
			);
			name = TwitterSearcher;
			productName = TwitterSearcher;
			productReference = 8694931E1C20A759005CFAB2 /* TwitterSearcher.app */;
			productType = "com.apple.product-type.application";
		};
		869493311C20A759005CFAB2 /* TwitterSearcherTests */ = {
			isa = PBXNativeTarget;
			buildConfigurationList = 869493491C20A75A005CFAB2 /* Build configuration list for PBXNativeTarget "TwitterSearcherTests" */;
			buildPhases = (
				8694932E1C20A759005CFAB2 /* Sources */,
				8694932F1C20A759005CFAB2 /* Frameworks */,
				869493301C20A759005CFAB2 /* Resources */,
			);
			buildRules = (
			);
			dependencies = (
				869493341C20A759005CFAB2 /* PBXTargetDependency */,
			);
			name = TwitterSearcherTests;
			productName = TwitterSearcherTests;
			productReference = 869493321C20A759005CFAB2 /* TwitterSearcherTests.xctest */;
			productType = "com.apple.product-type.bundle.unit-test";
		};
		8694933C1C20A759005CFAB2 /* TwitterSearcherUITests */ = {
			isa = PBXNativeTarget;
			buildConfigurationList = 8694934C1C20A75A005CFAB2 /* Build configuration list for PBXNativeTarget "TwitterSearcherUITests" */;
			buildPhases = (
				869493391C20A759005CFAB2 /* Sources */,
				8694933A1C20A759005CFAB2 /* Frameworks */,
				8694933B1C20A759005CFAB2 /* Resources */,
			);
			buildRules = (
			);
			dependencies = (
				8694933F1C20A759005CFAB2 /* PBXTargetDependency */,
			);
			name = TwitterSearcherUITests;
			productName = TwitterSearcherUITests;
			productReference = 8694933D1C20A759005CFAB2 /* TwitterSearcherUITests.xctest */;
			productType = "com.apple.product-type.bundle.ui-testing";
		};
/* End PBXNativeTarget section */

/* Begin PBXProject section */
		869493161C20A759005CFAB2 /* Project object */ = {
			isa = PBXProject;
			attributes = {
				LastSwiftUpdateCheck = 0720;
				LastUpgradeCheck = 0720;
				ORGANIZATIONNAME = "Huiyuan Ren";
				TargetAttributes = {
					8694931D1C20A759005CFAB2 = {
						CreatedOnToolsVersion = 7.2;
						DevelopmentTeam = GAST4664KV;
					};
					869493311C20A759005CFAB2 = {
						CreatedOnToolsVersion = 7.2;
						DevelopmentTeam = GAST4664KV;
						TestTargetID = 8694931D1C20A759005CFAB2;
					};
					8694933C1C20A759005CFAB2 = {
						CreatedOnToolsVersion = 7.2;
						DevelopmentTeam = GAST4664KV;
						TestTargetID = 8694931D1C20A759005CFAB2;
					};
				};
			};
			buildConfigurationList = 869493191C20A759005CFAB2 /* Build configuration list for PBXProject "TwitterSearcher" */;
			compatibilityVersion = "Xcode 3.2";
			developmentRegion = English;
			hasScannedForEncodings = 0;
			knownRegions = (
				en,
				Base,
			);
			mainGroup = 869493151C20A759005CFAB2;
			productRefGroup = 8694931F1C20A759005CFAB2 /* Products */;
			projectDirPath = "";
			projectRoot = "";
			targets = (
				8694931D1C20A759005CFAB2 /* TwitterSearcher */,
				869493311C20A759005CFAB2 /* TwitterSearcherTests */,
				8694933C1C20A759005CFAB2 /* TwitterSearcherUITests */,
			);
		};
/* End PBXProject section */

/* Begin PBXResourcesBuildPhase section */
		8694931C1C20A759005CFAB2 /* Resources */ = {
			isa = PBXResourcesBuildPhase;
			buildActionMask = 2147483647;
			files = (
				8694932C1C20A759005CFAB2 /* LaunchScreen.storyboard in Resources */,
				869493291C20A759005CFAB2 /* Assets.xcassets in Resources */,
				869493271C20A759005CFAB2 /* Main.storyboard in Resources */,
			);
			runOnlyForDeploymentPostprocessing = 0;
		};
		869493301C20A759005CFAB2 /* Resources */ = {
			isa = PBXResourcesBuildPhase;
			buildActionMask = 2147483647;
			files = (
			);
			runOnlyForDeploymentPostprocessing = 0;
		};
		8694933B1C20A759005CFAB2 /* Resources */ = {
			isa = PBXResourcesBuildPhase;
			buildActionMask = 2147483647;
			files = (
			);
			runOnlyForDeploymentPostprocessing = 0;
		};
/* End PBXResourcesBuildPhase section */

/* Begin PBXSourcesBuildPhase section */
		8694931A1C20A759005CFAB2 /* Sources */ = {
			isa = PBXSourcesBuildPhase;
			buildActionMask = 2147483647;
			files = (
				869493221C20A759005CFAB2 /* AppDelegate.swift in Sources */,
				869493611C20B1E5005CFAB2 /* TwitterRequest.swift in Sources */,
				869493621C20B1E5005CFAB2 /* User.swift in Sources */,
				869493501C20A813005CFAB2 /* TweetTableViewController.swift in Sources */,
				8694935F1C20B1E5005CFAB2 /* MediaItem.swift in Sources */,
				869493601C20B1E5005CFAB2 /* Tweet.swift in Sources */,
				869493641C20BBBC005CFAB2 /* TweetTableViewCell.swift in Sources */,
			);
			runOnlyForDeploymentPostprocessing = 0;
		};
		8694932E1C20A759005CFAB2 /* Sources */ = {
			isa = PBXSourcesBuildPhase;
			buildActionMask = 2147483647;
			files = (
				869493371C20A759005CFAB2 /* TwitterSearcherTests.swift in Sources */,
			);
			runOnlyForDeploymentPostprocessing = 0;
		};
		869493391C20A759005CFAB2 /* Sources */ = {
			isa = PBXSourcesBuildPhase;
			buildActionMask = 2147483647;
			files = (
				869493421C20A759005CFAB2 /* TwitterSearcherUITests.swift in Sources */,
			);
			runOnlyForDeploymentPostprocessing = 0;
		};
/* End PBXSourcesBuildPhase section */

/* Begin PBXTargetDependency section */
		869493341C20A759005CFAB2 /* PBXTargetDependency */ = {
			isa = PBXTargetDependency;
			target = 8694931D1C20A759005CFAB2 /* TwitterSearcher */;
			targetProxy = 869493331C20A759005CFAB2 /* PBXContainerItemProxy */;
		};
		8694933F1C20A759005CFAB2 /* PBXTargetDependency */ = {
			isa = PBXTargetDependency;
			target = 8694931D1C20A759005CFAB2 /* TwitterSearcher */;
			targetProxy = 8694933E1C20A759005CFAB2 /* PBXContainerItemProxy */;
		};
/* End PBXTargetDependency section */

/* Begin PBXVariantGroup section */
		869493251C20A759005CFAB2 /* Main.storyboard */ = {
			isa = PBXVariantGroup;
			children = (
				869493261C20A759005CFAB2 /* Base */,
			);
			name = Main.storyboard;
			sourceTree = "<group>";
		};
		8694932A1C20A759005CFAB2 /* LaunchScreen.storyboard */ = {
			isa = PBXVariantGroup;
			children = (
				8694932B1C20A759005CFAB2 /* Base */,
			);
			name = LaunchScreen.storyboard;
			sourceTree = "<group>";
		};
/* End PBXVariantGroup section */

/* Begin XCBuildConfiguration section */
		869493441C20A75A005CFAB2 /* Debug */ = {
			isa = XCBuildConfiguration;
			buildSettings = {
				ALWAYS_SEARCH_USER_PATHS = NO;
				CLANG_CXX_LANGUAGE_STANDARD = "gnu++0x";
				CLANG_CXX_LIBRARY = "libc++";
				CLANG_ENABLE_MODULES = YES;
				CLANG_ENABLE_OBJC_ARC = YES;
				CLANG_WARN_BOOL_CONVERSION = YES;
				CLANG_WARN_CONSTANT_CONVERSION = YES;
				CLANG_WARN_DIRECT_OBJC_ISA_USAGE = YES_ERROR;
				CLANG_WARN_EMPTY_BODY = YES;
				CLANG_WARN_ENUM_CONVERSION = YES;
				CLANG_WARN_INT_CONVERSION = YES;
				CLANG_WARN_OBJC_ROOT_CLASS = YES_ERROR;
				CLANG_WARN_UNREACHABLE_CODE = YES;
				CLANG_WARN__DUPLICATE_METHOD_MATCH = YES;
				"CODE_SIGN_IDENTITY[sdk=iphoneos*]" = "iPhone Developer";
				COPY_PHASE_STRIP = NO;
				DEBUG_INFORMATION_FORMAT = dwarf;
				ENABLE_STRICT_OBJC_MSGSEND = YES;
				ENABLE_TESTABILITY = YES;
				GCC_C_LANGUAGE_STANDARD = gnu99;
				GCC_DYNAMIC_NO_PIC = NO;
				GCC_NO_COMMON_BLOCKS = YES;
				GCC_OPTIMIZATION_LEVEL = 0;
				GCC_PREPROCESSOR_DEFINITIONS = (
					"DEBUG=1",
					"$(inherited)",
				);
				GCC_WARN_64_TO_32_BIT_CONVERSION = YES;
				GCC_WARN_ABOUT_RETURN_TYPE = YES_ERROR;
				GCC_WARN_UNDECLARED_SELECTOR = YES;
				GCC_WARN_UNINITIALIZED_AUTOS = YES_AGGRESSIVE;
				GCC_WARN_UNUSED_FUNCTION = YES;
				GCC_WARN_UNUSED_VARIABLE = YES;
				IPHONEOS_DEPLOYMENT_TARGET = 9.2;
				MTL_ENABLE_DEBUG_INFO = YES;
				ONLY_ACTIVE_ARCH = YES;
				SDKROOT = iphoneos;
				SWIFT_OPTIMIZATION_LEVEL = "-Onone";
				TARGETED_DEVICE_FAMILY = "1,2";
			};
			name = Debug;
		};
		869493451C20A75A005CFAB2 /* Release */ = {
			isa = XCBuildConfiguration;
			buildSettings = {
				ALWAYS_SEARCH_USER_PATHS = NO;
				CLANG_CXX_LANGUAGE_STANDARD = "gnu++0x";
				CLANG_CXX_LIBRARY = "libc++";
				CLANG_ENABLE_MODULES = YES;
				CLANG_ENABLE_OBJC_ARC = YES;
				CLANG_WARN_BOOL_CONVERSION = YES;
				CLANG_WARN_CONSTANT_CONVERSION = YES;
				CLANG_WARN_DIRECT_OBJC_ISA_USAGE = YES_ERROR;
				CLANG_WARN_EMPTY_BODY = YES;
				CLANG_WARN_ENUM_CONVERSION = YES;
				CLANG_WARN_INT_CONVERSION = YES;
				CLANG_WARN_OBJC_ROOT_CLASS = YES_ERROR;
				CLANG_WARN_UNREACHABLE_CODE = YES;
				CLANG_WARN__DUPLICATE_METHOD_MATCH = YES;
				"CODE_SIGN_IDENTITY[sdk=iphoneos*]" = "iPhone Developer";
				COPY_PHASE_STRIP = NO;
				DEBUG_INFORMATION_FORMAT = "dwarf-with-dsym";
				ENABLE_NS_ASSERTIONS = NO;
				ENABLE_STRICT_OBJC_MSGSEND = YES;
				GCC_C_LANGUAGE_STANDARD = gnu99;
				GCC_NO_COMMON_BLOCKS = YES;
				GCC_WARN_64_TO_32_BIT_CONVERSION = YES;
				GCC_WARN_ABOUT_RETURN_TYPE = YES_ERROR;
				GCC_WARN_UNDECLARED_SELECTOR = YES;
				GCC_WARN_UNINITIALIZED_AUTOS = YES_AGGRESSIVE;
				GCC_WARN_UNUSED_FUNCTION = YES;
				GCC_WARN_UNUSED_VARIABLE = YES;
				IPHONEOS_DEPLOYMENT_TARGET = 9.2;
				MTL_ENABLE_DEBUG_INFO = NO;
				SDKROOT = iphoneos;
				TARGETED_DEVICE_FAMILY = "1,2";
				VALIDATE_PRODUCT = YES;
			};
			name = Release;
		};
		869493471C20A75A005CFAB2 /* Debug */ = {
			isa = XCBuildConfiguration;
			buildSettings = {
				ASSETCATALOG_COMPILER_APPICON_NAME = AppIcon;
				INFOPLIST_FILE = TwitterSearcher/Info.plist;
				IPHONEOS_DEPLOYMENT_TARGET = 9.0;
				LD_RUNPATH_SEARCH_PATHS = "$(inherited) @executable_path/Frameworks";
				PRODUCT_BUNDLE_IDENTIFIER = Ren.TwitterSearcher;
				PRODUCT_NAME = "$(TARGET_NAME)";
			};
			name = Debug;
		};
		869493481C20A75A005CFAB2 /* Release */ = {
			isa = XCBuildConfiguration;
			buildSettings = {
				ASSETCATALOG_COMPILER_APPICON_NAME = AppIcon;
				INFOPLIST_FILE = TwitterSearcher/Info.plist;
				IPHONEOS_DEPLOYMENT_TARGET = 9.0;
				LD_RUNPATH_SEARCH_PATHS = "$(inherited) @executable_path/Frameworks";
				PRODUCT_BUNDLE_IDENTIFIER = Ren.TwitterSearcher;
				PRODUCT_NAME = "$(TARGET_NAME)";
			};
			name = Release;
		};
		8694934A1C20A75A005CFAB2 /* Debug */ = {
			isa = XCBuildConfiguration;
			buildSettings = {
				BUNDLE_LOADER = "$(TEST_HOST)";
				INFOPLIST_FILE = TwitterSearcherTests/Info.plist;
				LD_RUNPATH_SEARCH_PATHS = "$(inherited) @executable_path/Frameworks @loader_path/Frameworks";
				PRODUCT_BUNDLE_IDENTIFIER = Ren.TwitterSearcherTests;
				PRODUCT_NAME = "$(TARGET_NAME)";
				TEST_HOST = "$(BUILT_PRODUCTS_DIR)/TwitterSearcher.app/TwitterSearcher";
			};
			name = Debug;
		};
		8694934B1C20A75A005CFAB2 /* Release */ = {
			isa = XCBuildConfiguration;
			buildSettings = {
				BUNDLE_LOADER = "$(TEST_HOST)";
				INFOPLIST_FILE = TwitterSearcherTests/Info.plist;
				LD_RUNPATH_SEARCH_PATHS = "$(inherited) @executable_path/Frameworks @loader_path/Frameworks";
				PRODUCT_BUNDLE_IDENTIFIER = Ren.TwitterSearcherTests;
				PRODUCT_NAME = "$(TARGET_NAME)";
				TEST_HOST = "$(BUILT_PRODUCTS_DIR)/TwitterSearcher.app/TwitterSearcher";
			};
			name = Release;
		};
		8694934D1C20A75A005CFAB2 /* Debug */ = {
			isa = XCBuildConfiguration;
			buildSettings = {
				INFOPLIST_FILE = TwitterSearcherUITests/Info.plist;
				LD_RUNPATH_SEARCH_PATHS = "$(inherited) @executable_path/Frameworks @loader_path/Frameworks";
				PRODUCT_BUNDLE_IDENTIFIER = Ren.TwitterSearcherUITests;
				PRODUCT_NAME = "$(TARGET_NAME)";
				TEST_TARGET_NAME = TwitterSearcher;
				USES_XCTRUNNER = YES;
			};
			name = Debug;
		};
		8694934E1C20A75A005CFAB2 /* Release */ = {
			isa = XCBuildConfiguration;
			buildSettings = {
				INFOPLIST_FILE = TwitterSearcherUITests/Info.plist;
				LD_RUNPATH_SEARCH_PATHS = "$(inherited) @executable_path/Frameworks @loader_path/Frameworks";
				PRODUCT_BUNDLE_IDENTIFIER = Ren.TwitterSearcherUITests;
				PRODUCT_NAME = "$(TARGET_NAME)";
				TEST_TARGET_NAME = TwitterSearcher;
				USES_XCTRUNNER = YES;
			};
			name = Release;
		};
/* End XCBuildConfiguration section */

/* Begin XCConfigurationList section */
		869493191C20A759005CFAB2 /* Build configuration list for PBXProject "TwitterSearcher" */ = {
			isa = XCConfigurationList;
			buildConfigurations = (
				869493441C20A75A005CFAB2 /* Debug */,
				869493451C20A75A005CFAB2 /* Release */,
			);
			defaultConfigurationIsVisible = 0;
			defaultConfigurationName = Release;
		};
		869493461C20A75A005CFAB2 /* Build configuration list for PBXNativeTarget "TwitterSearcher" */ = {
			isa = XCConfigurationList;
			buildConfigurations = (
				869493471C20A75A005CFAB2 /* Debug */,
				869493481C20A75A005CFAB2 /* Release */,
			);
			defaultConfigurationIsVisible = 0;
		};
		869493491C20A75A005CFAB2 /* Build configuration list for PBXNativeTarget "TwitterSearcherTests" */ = {
			isa = XCConfigurationList;
			buildConfigurations = (
				8694934A1C20A75A005CFAB2 /* Debug */,
				8694934B1C20A75A005CFAB2 /* Release */,
			);
			defaultConfigurationIsVisible = 0;
		};
		8694934C1C20A75A005CFAB2 /* Build configuration list for PBXNativeTarget "TwitterSearcherUITests" */ = {
			isa = XCConfigurationList;
			buildConfigurations = (
				8694934D1C20A75A005CFAB2 /* Debug */,
				8694934E1C20A75A005CFAB2 /* Release */,
			);
			defaultConfigurationIsVisible = 0;
		};
/* End XCConfigurationList section */
	};
	rootObject = 869493161C20A759005CFAB2 /* Project object */;
}
